
Microsoft Visual Studio Solution File, Format Version 12.00
# Visual Studio Version 17
VisualStudioVersion = 17.8.34525.116
MinimumVisualStudioVersion = 10.0.40219.1
Project("{FAE04EC0-301F-11D3-BF4B-00C04F79EFBC}") = "First Mechanics", "First Mechanics.csproj", "{A29B3547-5B12-41A5-AED6-1F6D1F84C993}"
EndProject
Global
	GlobalSection(SolutionConfigurationPlatforms) = preSolution
		Debug|Any CPU = Debug|Any CPU
		ExportDebug|Any CPU = ExportDebug|Any CPU
		ExportRelease|Any CPU = ExportRelease|Any CPU
	EndGlobalSection
	GlobalSection(ProjectConfigurationPlatforms) = postSolution
		{A29B3547-5B12-41A5-AED6-1F6D1F84C993}.Debug|Any CPU.ActiveCfg = Debug|Any CPU
		{A29B3547-5B12-41A5-AED6-1F6D1F84C993}.Debug|Any CPU.Build.0 = Debug|Any CPU
		{A29B3547-5B12-41A5-AED6-1F6D1F84C993}.ExportDebug|Any CPU.ActiveCfg = ExportDebug|Any CPU
		{A29B3547-5B12-41A5-AED6-1F6D1F84C993}.ExportDebug|Any CPU.Build.0 = ExportDebug|Any CPU
		{A29B3547-5B12-41A5-AED6-1F6D1F84C993}.ExportRelease|Any CPU.ActiveCfg = ExportRelease|Any CPU
		{A29B3547-5B12-41A5-AED6-1F6D1F84C993}.ExportRelease|Any CPU.Build.0 = ExportRelease|Any CPU
	EndGlobalSection
	GlobalSection(SolutionProperties) = preSolution
		HideSolutionNode = FALSE
	EndGlobalSection
	GlobalSection(ExtensibilityGlobals) = postSolution
		SolutionGuid = {34B198AC-6373-45C6-8E2C-C4217A99A827}
	EndGlobalSection
EndGlobal
